
Microsoft Visual Studio Solution File, Format Version 12.00
# Visual Studio Version 16
VisualStudioVersion = 16.0.30225.117
MinimumVisualStudioVersion = 10.0.40219.1
Project("{FAE04EC0-301F-11D3-BF4B-00C04F79EFBC}") = "ChequeOCR", "ChequeOCR\ChequeOCR.csproj", "{753A8B6A-CB60-4525-87C4-4C9FF8B3853D}"
EndProject
Global
	GlobalSection(SolutionConfigurationPlatforms) = preSolution
		Debug|Any CPU = Debug|Any CPU
		Release|Any CPU = Release|Any CPU
	EndGlobalSection
	GlobalSection(ProjectConfigurationPlatforms) = postSolution
		{753A8B6A-CB60-4525-87C4-4C9FF8B3853D}.Debug|Any CPU.ActiveCfg = Debug|Any CPU
		{753A8B6A-CB60-4525-87C4-4C9FF8B3853D}.Debug|Any CPU.Build.0 = Debug|Any CPU
		{753A8B6A-CB60-4525-87C4-4C9FF8B3853D}.Release|Any CPU.ActiveCfg = Release|Any CPU
		{753A8B6A-CB60-4525-87C4-4C9FF8B3853D}.Release|Any CPU.Build.0 = Release|Any CPU
	EndGlobalSection
	GlobalSection(SolutionProperties) = preSolution
		HideSolutionNode = FALSE
	EndGlobalSection
	GlobalSection(ExtensibilityGlobals) = postSolution
		SolutionGuid = {B696522B-E66D-47C6-BD98-C588D6268A25}
	EndGlobalSection
EndGlobal
